
Microsoft Visual Studio Solution File, Format Version 12.00
# Visual Studio Version 17
VisualStudioVersion = 17.14.36518.9 d17.14
MinimumVisualStudioVersion = 10.0.40219.1
Project("{FAE04EC0-301F-11D3-BF4B-00C04F79EFBC}") = "PlaneFiles.Core", "PlaneFiles.Core\PlaneFiles.Core.csproj", "{BB30E96A-E89B-4565-9B34-DCD475CCF7C6}"
EndProject
Project("{FAE04EC0-301F-11D3-BF4B-00C04F79EFBC}") = "PlaneFiles.UI.Console", "PlaneFiles.UI.Console\PlaneFiles.UI.Console.csproj", "{BAA7982C-D516-41C7-A728-4FB3DE7A022A}"
EndProject
Global
	GlobalSection(SolutionConfigurationPlatforms) = preSolution
		Debug|Any CPU = Debug|Any CPU
		Release|Any CPU = Release|Any CPU
	EndGlobalSection
	GlobalSection(ProjectConfigurationPlatforms) = postSolution
		{BB30E96A-E89B-4565-9B34-DCD475CCF7C6}.Debug|Any CPU.ActiveCfg = Debug|Any CPU
		{BB30E96A-E89B-4565-9B34-DCD475CCF7C6}.Debug|Any CPU.Build.0 = Debug|Any CPU
		{BB30E96A-E89B-4565-9B34-DCD475CCF7C6}.Release|Any CPU.ActiveCfg = Release|Any CPU
		{BB30E96A-E89B-4565-9B34-DCD475CCF7C6}.Release|Any CPU.Build.0 = Release|Any CPU
		{BAA7982C-D516-41C7-A728-4FB3DE7A022A}.Debug|Any CPU.ActiveCfg = Debug|Any CPU
		{BAA7982C-D516-41C7-A728-4FB3DE7A022A}.Debug|Any CPU.Build.0 = Debug|Any CPU
		{BAA7982C-D516-41C7-A728-4FB3DE7A022A}.Release|Any CPU.ActiveCfg = Release|Any CPU
		{BAA7982C-D516-41C7-A728-4FB3DE7A022A}.Release|Any CPU.Build.0 = Release|Any CPU
	EndGlobalSection
	GlobalSection(SolutionProperties) = preSolution
		HideSolutionNode = FALSE
	EndGlobalSection
	GlobalSection(ExtensibilityGlobals) = postSolution
		SolutionGuid = {5BAE928C-CC76-424F-98DC-DC12254E55E5}
	EndGlobalSection
EndGlobal
